
Microsoft Visual Studio Solution File, Format Version 12.00
# Visual Studio Version 17
VisualStudioVersion = 17.7.34024.191
MinimumVisualStudioVersion = 10.0.40219.1
Project("{FAE04EC0-301F-11D3-BF4B-00C04F79EFBC}") = "ShitMap", "ShitMap\ShitMap.csproj", "{7D2DB216-B205-43F1-A581-DA1A93C3FEA1}"
EndProject
Global
	GlobalSection(SolutionConfigurationPlatforms) = preSolution
		Debug|Any CPU = Debug|Any CPU
		Release|Any CPU = Release|Any CPU
	EndGlobalSection
	GlobalSection(ProjectConfigurationPlatforms) = postSolution
		{7D2DB216-B205-43F1-A581-DA1A93C3FEA1}.Debug|Any CPU.ActiveCfg = Debug|Any CPU
		{7D2DB216-B205-43F1-A581-DA1A93C3FEA1}.Debug|Any CPU.Build.0 = Debug|Any CPU
		{7D2DB216-B205-43F1-A581-DA1A93C3FEA1}.Release|Any CPU.ActiveCfg = Release|Any CPU
		{7D2DB216-B205-43F1-A581-DA1A93C3FEA1}.Release|Any CPU.Build.0 = Release|Any CPU
	EndGlobalSection
	GlobalSection(SolutionProperties) = preSolution
		HideSolutionNode = FALSE
	EndGlobalSection
	GlobalSection(ExtensibilityGlobals) = postSolution
		SolutionGuid = {52C45FEC-E021-48C1-8138-7C55AA17DC3E}
	EndGlobalSection
EndGlobal
